
Microsoft Visual Studio Solution File, Format Version 11.00
# Visual Studio 2010
# SharpDevelop 5.1
Project("{FAE04EC0-301F-11D3-BF4B-00C04F79EFBC}") = "miProyecto", "Proyecto_CRUD\miProyecto.csproj", "{A1367429-EE04-49EB-A51A-EBF153227BFD}"
EndProject
Global
	GlobalSection(SolutionConfigurationPlatforms) = preSolution
		Debug|Any CPU = Debug|Any CPU
		Release|Any CPU = Release|Any CPU
	EndGlobalSection
	GlobalSection(ProjectConfigurationPlatforms) = postSolution
		{A1367429-EE04-49EB-A51A-EBF153227BFD}.Debug|Any CPU.ActiveCfg = Debug|Any CPU
		{A1367429-EE04-49EB-A51A-EBF153227BFD}.Debug|Any CPU.Build.0 = Debug|Any CPU
		{A1367429-EE04-49EB-A51A-EBF153227BFD}.Release|Any CPU.ActiveCfg = Release|Any CPU
		{A1367429-EE04-49EB-A51A-EBF153227BFD}.Release|Any CPU.Build.0 = Release|Any CPU
	EndGlobalSection
EndGlobal
